
Microsoft Visual Studio Solution File, Format Version 12.00
Project("{FAE04EC0-301F-11D3-BF4B-00C04F79EFBC}") = "SkillSearch", "SkillSearch\SkillSearch.csproj", "{62A6B6CB-9C7E-4F2A-B46A-5C0E1B948900}"
EndProject
Global
	GlobalSection(SolutionConfigurationPlatforms) = preSolution
		Debug|Any CPU = Debug|Any CPU
		Release|Any CPU = Release|Any CPU
	EndGlobalSection
	GlobalSection(ProjectConfigurationPlatforms) = postSolution
		{62A6B6CB-9C7E-4F2A-B46A-5C0E1B948900}.Debug|Any CPU.ActiveCfg = Debug|Any CPU
		{62A6B6CB-9C7E-4F2A-B46A-5C0E1B948900}.Debug|Any CPU.Build.0 = Debug|Any CPU
		{62A6B6CB-9C7E-4F2A-B46A-5C0E1B948900}.Release|Any CPU.ActiveCfg = Release|Any CPU
		{62A6B6CB-9C7E-4F2A-B46A-5C0E1B948900}.Release|Any CPU.Build.0 = Release|Any CPU
	EndGlobalSection
EndGlobal
